
Microsoft Visual Studio Solution File, Format Version 12.00
# Visual Studio Version 17
VisualStudioVersion = 17.10.34928.147
MinimumVisualStudioVersion = 10.0.40219.1
Project("{FAE04EC0-301F-11D3-BF4B-00C04F79EFBC}") = "Demo", "Demo\Demo.csproj", "{8F7BE3CC-C301-423D-AB8D-87015926548A}"
EndProject
Project("{FAE04EC0-301F-11D3-BF4B-00C04F79EFBC}") = "Assignment", "Assignment\Assignment.csproj", "{8A8E4F95-52F9-4517-931E-7FF8E8AE65F3}"
EndProject
Global
	GlobalSection(SolutionConfigurationPlatforms) = preSolution
		Debug|Any CPU = Debug|Any CPU
		Release|Any CPU = Release|Any CPU
	EndGlobalSection
	GlobalSection(ProjectConfigurationPlatforms) = postSolution
		{8F7BE3CC-C301-423D-AB8D-87015926548A}.Debug|Any CPU.ActiveCfg = Debug|Any CPU
		{8F7BE3CC-C301-423D-AB8D-87015926548A}.Debug|Any CPU.Build.0 = Debug|Any CPU
		{8F7BE3CC-C301-423D-AB8D-87015926548A}.Release|Any CPU.ActiveCfg = Release|Any CPU
		{8F7BE3CC-C301-423D-AB8D-87015926548A}.Release|Any CPU.Build.0 = Release|Any CPU
		{8A8E4F95-52F9-4517-931E-7FF8E8AE65F3}.Debug|Any CPU.ActiveCfg = Debug|Any CPU
		{8A8E4F95-52F9-4517-931E-7FF8E8AE65F3}.Debug|Any CPU.Build.0 = Debug|Any CPU
		{8A8E4F95-52F9-4517-931E-7FF8E8AE65F3}.Release|Any CPU.ActiveCfg = Release|Any CPU
		{8A8E4F95-52F9-4517-931E-7FF8E8AE65F3}.Release|Any CPU.Build.0 = Release|Any CPU
	EndGlobalSection
	GlobalSection(SolutionProperties) = preSolution
		HideSolutionNode = FALSE
	EndGlobalSection
	GlobalSection(ExtensibilityGlobals) = postSolution
		SolutionGuid = {A649D234-719D-44D8-B835-A41A979D4879}
	EndGlobalSection
EndGlobal
